// !$*UTF8*$!
{
	archiveVersion = 1;
	classes = {
	};
	objectVersion = 50;
	objects = {

/* Begin PBXBuildFile section */
		D50EA6A22476BAC7002E39E5 /* AppDelegate.swift in Sources */ = {isa = PBXBuildFile; fileRef = D50EA6A12476BAC7002E39E5 /* AppDelegate.swift */; };
		D50EA6A62476BAC7002E39E5 /* ViewController.swift in Sources */ = {isa = PBXBuildFile; fileRef = D50EA6A52476BAC7002E39E5 /* ViewController.swift */; };
		D50EA6A92476BAC7002E39E5 /* Main.storyboard in Resources */ = {isa = PBXBuildFile; fileRef = D50EA6A72476BAC7002E39E5 /* Main.storyboard */; };
		D50EA6AE2476BAC8002E39E5 /* LaunchScreen.storyboard in Resources */ = {isa = PBXBuildFile; fileRef = D50EA6AC2476BAC8002E39E5 /* LaunchScreen.storyboard */; };
		D50EA6BC2476BCBE002E39E5 /* Assets.xcassets in Resources */ = {isa = PBXBuildFile; fileRef = D50EA6B92476BCBD002E39E5 /* Assets.xcassets */; };
		D50EA6C12476BDF2002E39E5 /* AnimationHelper.swift in Sources */ = {isa = PBXBuildFile; fileRef = D50EA6C02476BDF2002E39E5 /* AnimationHelper.swift */; };
		D50EA6C92476E6C6002E39E5 /* SettingsViewController.swift in Sources */ = {isa = PBXBuildFile; fileRef = D50EA6C82476E6C6002E39E5 /* SettingsViewController.swift */; };
		D50EA6CB2476E8B4002E39E5 /* ExerciseViewController.swift in Sources */ = {isa = PBXBuildFile; fileRef = D50EA6CA2476E8B4002E39E5 /* ExerciseViewController.swift */; };
		D50EA6CD2476E8D6002E39E5 /* StatisticsViewController.swift in Sources */ = {isa = PBXBuildFile; fileRef = D50EA6CC2476E8D6002E39E5 /* StatisticsViewController.swift */; };
		D50EA6CF2476E8FC002E39E5 /* CounterViewController.swift in Sources */ = {isa = PBXBuildFile; fileRef = D50EA6CE2476E8FC002E39E5 /* CounterViewController.swift */; };
		D50EA6D12476FB01002E39E5 /* SettingsSubViewController.swift in Sources */ = {isa = PBXBuildFile; fileRef = D50EA6D02476FB01002E39E5 /* SettingsSubViewController.swift */; };
/* End PBXBuildFile section */

/* Begin PBXFileReference section */
		D50EA69E2476BAC7002E39E5 /* WorkoutCounter.app */ = {isa = PBXFileReference; explicitFileType = wrapper.application; includeInIndex = 0; path = WorkoutCounter.app; sourceTree = BUILT_PRODUCTS_DIR; };
		D50EA6A12476BAC7002E39E5 /* AppDelegate.swift */ = {isa = PBXFileReference; lastKnownFileType = sourcecode.swift; path = AppDelegate.swift; sourceTree = "<group>"; };
		D50EA6A52476BAC7002E39E5 /* ViewController.swift */ = {isa = PBXFileReference; lastKnownFileType = sourcecode.swift; path = ViewController.swift; sourceTree = "<group>"; };
		D50EA6A82476BAC7002E39E5 /* Base */ = {isa = PBXFileReference; lastKnownFileType = file.storyboard; name = Base; path = Base.lproj/Main.storyboard; sourceTree = "<group>"; };
		D50EA6AD2476BAC8002E39E5 /* Base */ = {isa = PBXFileReference; lastKnownFileType = file.storyboard; name = Base; path = Base.lproj/LaunchScreen.storyboard; sourceTree = "<group>"; };
		D50EA6AF2476BAC8002E39E5 /* Info.plist */ = {isa = PBXFileReference; lastKnownFileType = text.plist.xml; path = Info.plist; sourceTree = "<group>"; };
		D50EA6B92476BCBD002E39E5 /* Assets.xcassets */ = {isa = PBXFileReference; lastKnownFileType = folder.assetcatalog; name = Assets.xcassets; path = "../../../../../../Desktop/Анимация/AppIcons/Assets.xcassets"; sourceTree = "<group>"; };
		D50EA6C02476BDF2002E39E5 /* AnimationHelper.swift */ = {isa = PBXFileReference; lastKnownFileType = sourcecode.swift; path = AnimationHelper.swift; sourceTree = "<group>"; };
		D50EA6C82476E6C6002E39E5 /* SettingsViewController.swift */ = {isa = PBXFileReference; lastKnownFileType = sourcecode.swift; path = SettingsViewController.swift; sourceTree = "<group>"; };
		D50EA6CA2476E8B4002E39E5 /* ExerciseViewController.swift */ = {isa = PBXFileReference; lastKnownFileType = sourcecode.swift; path = ExerciseViewController.swift; sourceTree = "<group>"; };
		D50EA6CC2476E8D6002E39E5 /* StatisticsViewController.swift */ = {isa = PBXFileReference; lastKnownFileType = sourcecode.swift; path = StatisticsViewController.swift; sourceTree = "<group>"; };
		D50EA6CE2476E8FC002E39E5 /* CounterViewController.swift */ = {isa = PBXFileReference; lastKnownFileType = sourcecode.swift; path = CounterViewController.swift; sourceTree = "<group>"; };
		D50EA6D02476FB01002E39E5 /* SettingsSubViewController.swift */ = {isa = PBXFileReference; lastKnownFileType = sourcecode.swift; path = SettingsSubViewController.swift; sourceTree = "<group>"; };
/* End PBXFileReference section */

/* Begin PBXFrameworksBuildPhase section */
		D50EA69B2476BAC7002E39E5 /* Frameworks */ = {
			isa = PBXFrameworksBuildPhase;
			buildActionMask = 2147483647;
			files = (
			);
			runOnlyForDeploymentPostprocessing = 0;
		};
/* End PBXFrameworksBuildPhase section */

/* Begin PBXGroup section */
		D50EA6952476BAC7002E39E5 = {
			isa = PBXGroup;
			children = (
				D50EA6A02476BAC7002E39E5 /* WorkoutCounter */,
				D50EA69F2476BAC7002E39E5 /* Products */,
			);
			sourceTree = "<group>";
		};
		D50EA69F2476BAC7002E39E5 /* Products */ = {
			isa = PBXGroup;
			children = (
				D50EA69E2476BAC7002E39E5 /* WorkoutCounter.app */,
			);
			name = Products;
			sourceTree = "<group>";
		};
		D50EA6A02476BAC7002E39E5 /* WorkoutCounter */ = {
			isa = PBXGroup;
			children = (
				D50EA6BF2476BDDE002E39E5 /* Helpers */,
				D50EA6B52476BB03002E39E5 /* Delegates */,
				D50EA6B62476BB11002E39E5 /* Controllers */,
				D50EA6B72476BB1C002E39E5 /* Storyboards */,
				D50EA6B82476BB2A002E39E5 /* Etc */,
			);
			path = WorkoutCounter;
			sourceTree = "<group>";
		};
		D50EA6B52476BB03002E39E5 /* Delegates */ = {
			isa = PBXGroup;
			children = (
				D50EA6A12476BAC7002E39E5 /* AppDelegate.swift */,
			);
			path = Delegates;
			sourceTree = "<group>";
		};
		D50EA6B62476BB11002E39E5 /* Controllers */ = {
			isa = PBXGroup;
			children = (
				D50EA6A52476BAC7002E39E5 /* ViewController.swift */,
				D50EA6C82476E6C6002E39E5 /* SettingsViewController.swift */,
				D50EA6D02476FB01002E39E5 /* SettingsSubViewController.swift */,
				D50EA6CA2476E8B4002E39E5 /* ExerciseViewController.swift */,
				D50EA6CC2476E8D6002E39E5 /* StatisticsViewController.swift */,
				D50EA6CE2476E8FC002E39E5 /* CounterViewController.swift */,
			);
			path = Controllers;
			sourceTree = "<group>";
		};
		D50EA6B72476BB1C002E39E5 /* Storyboards */ = {
			isa = PBXGroup;
			children = (
				D50EA6A72476BAC7002E39E5 /* Main.storyboard */,
				D50EA6AC2476BAC8002E39E5 /* LaunchScreen.storyboard */,
			);
			path = Storyboards;
			sourceTree = "<group>";
		};
		D50EA6B82476BB2A002E39E5 /* Etc */ = {
			isa = PBXGroup;
			children = (
				D50EA6B92476BCBD002E39E5 /* Assets.xcassets */,
				D50EA6AF2476BAC8002E39E5 /* Info.plist */,
			);
			path = Etc;
			sourceTree = "<group>";
		};
		D50EA6BF2476BDDE002E39E5 /* Helpers */ = {
			isa = PBXGroup;
			children = (
				D50EA6C02476BDF2002E39E5 /* AnimationHelper.swift */,
			);
			path = Helpers;
			sourceTree = "<group>";
		};
/* End PBXGroup section */

/* Begin PBXNativeTarget section */
		D50EA69D2476BAC7002E39E5 /* WorkoutCounter */ = {
			isa = PBXNativeTarget;
			buildConfigurationList = D50EA6B22476BAC8002E39E5 /* Build configuration list for PBXNativeTarget "WorkoutCounter" */;
			buildPhases = (
				D50EA69A2476BAC7002E39E5 /* Sources */,
				D50EA69B2476BAC7002E39E5 /* Frameworks */,
				D50EA69C2476BAC7002E39E5 /* Resources */,
			);
			buildRules = (
			);
			dependencies = (
			);
			name = WorkoutCounter;
			productName = WorkoutCounter;
			productReference = D50EA69E2476BAC7002E39E5 /* WorkoutCounter.app */;
			productType = "com.apple.product-type.application";
		};
/* End PBXNativeTarget section */

/* Begin PBXProject section */
		D50EA6962476BAC7002E39E5 /* Project object */ = {
			isa = PBXProject;
			attributes = {
				LastSwiftUpdateCheck = 1140;
				LastUpgradeCheck = 1140;
				ORGANIZATIONNAME = "Vadym Volkov";
				TargetAttributes = {
					D50EA69D2476BAC7002E39E5 = {
						CreatedOnToolsVersion = 11.4.1;
					};
				};
			};
			buildConfigurationList = D50EA6992476BAC7002E39E5 /* Build configuration list for PBXProject "WorkoutCounter" */;
			compatibilityVersion = "Xcode 9.3";
			developmentRegion = en;
			hasScannedForEncodings = 0;
			knownRegions = (
				en,
				Base,
			);
			mainGroup = D50EA6952476BAC7002E39E5;
			productRefGroup = D50EA69F2476BAC7002E39E5 /* Products */;
			projectDirPath = "";
			projectRoot = "";
			targets = (
				D50EA69D2476BAC7002E39E5 /* WorkoutCounter */,
			);
		};
/* End PBXProject section */

/* Begin PBXResourcesBuildPhase section */
		D50EA69C2476BAC7002E39E5 /* Resources */ = {
			isa = PBXResourcesBuildPhase;
			buildActionMask = 2147483647;
			files = (
				D50EA6AE2476BAC8002E39E5 /* LaunchScreen.storyboard in Resources */,
				D50EA6BC2476BCBE002E39E5 /* Assets.xcassets in Resources */,
				D50EA6A92476BAC7002E39E5 /* Main.storyboard in Resources */,
			);
			runOnlyForDeploymentPostprocessing = 0;
		};
/* End PBXResourcesBuildPhase section */

/* Begin PBXSourcesBuildPhase section */
		D50EA69A2476BAC7002E39E5 /* Sources */ = {
			isa = PBXSourcesBuildPhase;
			buildActionMask = 2147483647;
			files = (
				D50EA6A62476BAC7002E39E5 /* ViewController.swift in Sources */,
				D50EA6A22476BAC7002E39E5 /* AppDelegate.swift in Sources */,
				D50EA6C12476BDF2002E39E5 /* AnimationHelper.swift in Sources */,
				D50EA6C92476E6C6002E39E5 /* SettingsViewController.swift in Sources */,
				D50EA6D12476FB01002E39E5 /* SettingsSubViewController.swift in Sources */,
				D50EA6CB2476E8B4002E39E5 /* ExerciseViewController.swift in Sources */,
				D50EA6CF2476E8FC002E39E5 /* CounterViewController.swift in Sources */,
				D50EA6CD2476E8D6002E39E5 /* StatisticsViewController.swift in Sources */,
			);
			runOnlyForDeploymentPostprocessing = 0;
		};
/* End PBXSourcesBuildPhase section */

/* Begin PBXVariantGroup section */
		D50EA6A72476BAC7002E39E5 /* Main.storyboard */ = {
			isa = PBXVariantGroup;
			children = (
				D50EA6A82476BAC7002E39E5 /* Base */,
			);
			name = Main.storyboard;
			sourceTree = "<group>";
		};
		D50EA6AC2476BAC8002E39E5 /* LaunchScreen.storyboard */ = {
			isa = PBXVariantGroup;
			children = (
				D50EA6AD2476BAC8002E39E5 /* Base */,
			);
			name = LaunchScreen.storyboard;
			sourceTree = "<group>";
		};
/* End PBXVariantGroup section */

/* Begin XCBuildConfiguration section */
		D50EA6B02476BAC8002E39E5 /* Debug */ = {
			isa = XCBuildConfiguration;
			buildSettings = {
				ALWAYS_SEARCH_USER_PATHS = NO;
				CLANG_ANALYZER_NONNULL = YES;
				CLANG_ANALYZER_NUMBER_OBJECT_CONVERSION = YES_AGGRESSIVE;
				CLANG_CXX_LANGUAGE_STANDARD = "gnu++14";
				CLANG_CXX_LIBRARY = "libc++";
				CLANG_ENABLE_MODULES = YES;
				CLANG_ENABLE_OBJC_ARC = YES;
				CLANG_ENABLE_OBJC_WEAK = YES;
				CLANG_WARN_BLOCK_CAPTURE_AUTORELEASING = YES;
				CLANG_WARN_BOOL_CONVERSION = YES;
				CLANG_WARN_COMMA = YES;
				CLANG_WARN_CONSTANT_CONVERSION = YES;
				CLANG_WARN_DEPRECATED_OBJC_IMPLEMENTATIONS = YES;
				CLANG_WARN_DIRECT_OBJC_ISA_USAGE = YES_ERROR;
				CLANG_WARN_DOCUMENTATION_COMMENTS = YES;
				CLANG_WARN_EMPTY_BODY = YES;
				CLANG_WARN_ENUM_CONVERSION = YES;
				CLANG_WARN_INFINITE_RECURSION = YES;
				CLANG_WARN_INT_CONVERSION = YES;
				CLANG_WARN_NON_LITERAL_NULL_CONVERSION = YES;
				CLANG_WARN_OBJC_IMPLICIT_RETAIN_SELF = YES;
				CLANG_WARN_OBJC_LITERAL_CONVERSION = YES;
				CLANG_WARN_OBJC_ROOT_CLASS = YES_ERROR;
				CLANG_WARN_RANGE_LOOP_ANALYSIS = YES;
				CLANG_WARN_STRICT_PROTOTYPES = YES;
				CLANG_WARN_SUSPICIOUS_MOVE = YES;
				CLANG_WARN_UNGUARDED_AVAILABILITY = YES_AGGRESSIVE;
				CLANG_WARN_UNREACHABLE_CODE = YES;
				CLANG_WARN__DUPLICATE_METHOD_MATCH = YES;
				COPY_PHASE_STRIP = NO;
				DEBUG_INFORMATION_FORMAT = dwarf;
				ENABLE_STRICT_OBJC_MSGSEND = YES;
				ENABLE_TESTABILITY = YES;
				GCC_C_LANGUAGE_STANDARD = gnu11;
				GCC_DYNAMIC_NO_PIC = NO;
				GCC_NO_COMMON_BLOCKS = YES;
				GCC_OPTIMIZATION_LEVEL = 0;
				GCC_PREPROCESSOR_DEFINITIONS = (
					"DEBUG=1",
					"$(inherited)",
				);
				GCC_WARN_64_TO_32_BIT_CONVERSION = YES;
				GCC_WARN_ABOUT_RETURN_TYPE = YES_ERROR;
				GCC_WARN_UNDECLARED_SELECTOR = YES;
				GCC_WARN_UNINITIALIZED_AUTOS = YES_AGGRESSIVE;
				GCC_WARN_UNUSED_FUNCTION = YES;
				GCC_WARN_UNUSED_VARIABLE = YES;
				IPHONEOS_DEPLOYMENT_TARGET = 13.4;
				MTL_ENABLE_DEBUG_INFO = INCLUDE_SOURCE;
				MTL_FAST_MATH = YES;
				ONLY_ACTIVE_ARCH = YES;
				SDKROOT = iphoneos;
				SWIFT_ACTIVE_COMPILATION_CONDITIONS = DEBUG;
				SWIFT_OPTIMIZATION_LEVEL = "-Onone";
			};
			name = Debug;
		};
		D50EA6B12476BAC8002E39E5 /* Release */ = {
			isa = XCBuildConfiguration;
			buildSettings = {
				ALWAYS_SEARCH_USER_PATHS = NO;
				CLANG_ANALYZER_NONNULL = YES;
				CLANG_ANALYZER_NUMBER_OBJECT_CONVERSION = YES_AGGRESSIVE;
				CLANG_CXX_LANGUAGE_STANDARD = "gnu++14";
				CLANG_CXX_LIBRARY = "libc++";
				CLANG_ENABLE_MODULES = YES;
				CLANG_ENABLE_OBJC_ARC = YES;
				CLANG_ENABLE_OBJC_WEAK = YES;
				CLANG_WARN_BLOCK_CAPTURE_AUTORELEASING = YES;
				CLANG_WARN_BOOL_CONVERSION = YES;
				CLANG_WARN_COMMA = YES;
				CLANG_WARN_CONSTANT_CONVERSION = YES;
				CLANG_WARN_DEPRECATED_OBJC_IMPLEMENTATIONS = YES;
				CLANG_WARN_DIRECT_OBJC_ISA_USAGE = YES_ERROR;
				CLANG_WARN_DOCUMENTATION_COMMENTS = YES;
				CLANG_WARN_EMPTY_BODY = YES;
				CLANG_WARN_ENUM_CONVERSION = YES;
				CLANG_WARN_INFINITE_RECURSION = YES;
				CLANG_WARN_INT_CONVERSION = YES;
				CLANG_WARN_NON_LITERAL_NULL_CONVERSION = YES;
				CLANG_WARN_OBJC_IMPLICIT_RETAIN_SELF = YES;
				CLANG_WARN_OBJC_LITERAL_CONVERSION = YES;
				CLANG_WARN_OBJC_ROOT_CLASS = YES_ERROR;
				CLANG_WARN_RANGE_LOOP_ANALYSIS = YES;
				CLANG_WARN_STRICT_PROTOTYPES = YES;
				CLANG_WARN_SUSPICIOUS_MOVE = YES;
				CLANG_WARN_UNGUARDED_AVAILABILITY = YES_AGGRESSIVE;
				CLANG_WARN_UNREACHABLE_CODE = YES;
				CLANG_WARN__DUPLICATE_METHOD_MATCH = YES;
				COPY_PHASE_STRIP = NO;
				DEBUG_INFORMATION_FORMAT = "dwarf-with-dsym";
				ENABLE_NS_ASSERTIONS = NO;
				ENABLE_STRICT_OBJC_MSGSEND = YES;
				GCC_C_LANGUAGE_STANDARD = gnu11;
				GCC_NO_COMMON_BLOCKS = YES;
				GCC_WARN_64_TO_32_BIT_CONVERSION = YES;
				GCC_WARN_ABOUT_RETURN_TYPE = YES_ERROR;
				GCC_WARN_UNDECLARED_SELECTOR = YES;
				GCC_WARN_UNINITIALIZED_AUTOS = YES_AGGRESSIVE;
				GCC_WARN_UNUSED_FUNCTION = YES;
				GCC_WARN_UNUSED_VARIABLE = YES;
				IPHONEOS_DEPLOYMENT_TARGET = 13.4;
				MTL_ENABLE_DEBUG_INFO = NO;
				MTL_FAST_MATH = YES;
				SDKROOT = iphoneos;
				SWIFT_COMPILATION_MODE = wholemodule;
				SWIFT_OPTIMIZATION_LEVEL = "-O";
				VALIDATE_PRODUCT = YES;
			};
			name = Release;
		};
		D50EA6B32476BAC8002E39E5 /* Debug */ = {
			isa = XCBuildConfiguration;
			buildSettings = {
				ASSETCATALOG_COMPILER_APPICON_NAME = AppIcon;
				CODE_SIGN_STYLE = Automatic;
				DEVELOPMENT_TEAM = WDNVRYS434;
				INFOPLIST_FILE = WorkoutCounter/Etc/Info.plist;
				IPHONEOS_DEPLOYMENT_TARGET = 13.0;
				LD_RUNPATH_SEARCH_PATHS = (
					"$(inherited)",
					"@executable_path/Frameworks",
				);
				PRODUCT_BUNDLE_IDENTIFIER = wc.group.WorkoutCounter;
				PRODUCT_NAME = "$(TARGET_NAME)";
				SWIFT_VERSION = 5.0;
				TARGETED_DEVICE_FAMILY = 1;
			};
			name = Debug;
		};
		D50EA6B42476BAC8002E39E5 /* Release */ = {
			isa = XCBuildConfiguration;
			buildSettings = {
				ASSETCATALOG_COMPILER_APPICON_NAME = AppIcon;
				CODE_SIGN_STYLE = Automatic;
				DEVELOPMENT_TEAM = WDNVRYS434;
				INFOPLIST_FILE = WorkoutCounter/Etc/Info.plist;
				IPHONEOS_DEPLOYMENT_TARGET = 13.0;
				LD_RUNPATH_SEARCH_PATHS = (
					"$(inherited)",
					"@executable_path/Frameworks",
				);
				PRODUCT_BUNDLE_IDENTIFIER = wc.group.WorkoutCounter;
				PRODUCT_NAME = "$(TARGET_NAME)";
				SWIFT_VERSION = 5.0;
				TARGETED_DEVICE_FAMILY = 1;
			};
			name = Release;
		};
/* End XCBuildConfiguration section */

/* Begin XCConfigurationList section */
		D50EA6992476BAC7002E39E5 /* Build configuration list for PBXProject "WorkoutCounter" */ = {
			isa = XCConfigurationList;
			buildConfigurations = (
				D50EA6B02476BAC8002E39E5 /* Debug */,
				D50EA6B12476BAC8002E39E5 /* Release */,
			);
			defaultConfigurationIsVisible = 0;
			defaultConfigurationName = Release;
		};
		D50EA6B22476BAC8002E39E5 /* Build configuration list for PBXNativeTarget "WorkoutCounter" */ = {
			isa = XCConfigurationList;
			buildConfigurations = (
				D50EA6B32476BAC8002E39E5 /* Debug */,
				D50EA6B42476BAC8002E39E5 /* Release */,
			);
			defaultConfigurationIsVisible = 0;
			defaultConfigurationName = Release;
		};
/* End XCConfigurationList section */
	};
	rootObject = D50EA6962476BAC7002E39E5 /* Project object */;
}
